// !$*UTF8*$!
{
	archiveVersion = 1;
	classes = {
	};
	objectVersion = 46;
	objects = {

/* Begin PBXBuildFile section */
		050DE8841A9D40D40013C7B8 /* MKLabel.swift in Sources */ = {isa = PBXBuildFile; fileRef = 050DE8831A9D40D40013C7B8 /* MKLabel.swift */; };
		050DE8861A9D444F0013C7B8 /* GameActionLabel.swift in Sources */ = {isa = PBXBuildFile; fileRef = 050DE8851A9D444F0013C7B8 /* GameActionLabel.swift */; };
		05110FD41A911604008576E4 /* GameActionButton.swift in Sources */ = {isa = PBXBuildFile; fileRef = 05110FD31A911604008576E4 /* GameActionButton.swift */; };
		05110FD61A914708008576E4 /* MKLayer.swift in Sources */ = {isa = PBXBuildFile; fileRef = 05110FD51A914708008576E4 /* MKLayer.swift */; };
		05110FD81A943BF0008576E4 /* DealerHandContainerViewController.swift in Sources */ = {isa = PBXBuildFile; fileRef = 05110FD71A943BF0008576E4 /* DealerHandContainerViewController.swift */; };
		051256E11A97C87200D18BF7 /* PlayerHandContainerViewController.swift in Sources */ = {isa = PBXBuildFile; fileRef = 051256E01A97C87200D18BF7 /* PlayerHandContainerViewController.swift */; };
		051256E31A9BAD3700D18BF7 /* GameAnimatedLabel.swift in Sources */ = {isa = PBXBuildFile; fileRef = 051256E21A9BAD3700D18BF7 /* GameAnimatedLabel.swift */; };
		051FCA311AA2583000D2880F /* bomb.mp3 in Resources */ = {isa = PBXBuildFile; fileRef = 051FCA2C1AA2582F00D2880F /* bomb.mp3 */; };
		051FCA321AA2583000D2880F /* drop.mp3 in Resources */ = {isa = PBXBuildFile; fileRef = 051FCA2D1AA2582F00D2880F /* drop.mp3 */; };
		051FCA331AA2583000D2880F /* gameover.mp3 in Resources */ = {isa = PBXBuildFile; fileRef = 051FCA2E1AA2582F00D2880F /* gameover.mp3 */; };
		051FCA341AA2583000D2880F /* levelup.mp3 in Resources */ = {isa = PBXBuildFile; fileRef = 051FCA2F1AA2582F00D2880F /* levelup.mp3 */; };
		051FCA351AA2583000D2880F /* theme.mp3 in Resources */ = {isa = PBXBuildFile; fileRef = 051FCA301AA2582F00D2880F /* theme.mp3 */; };
		051FCA371AA2592200D2880F /* LightBulbBreaking.mp3 in Resources */ = {isa = PBXBuildFile; fileRef = 051FCA361AA2592200D2880F /* LightBulbBreaking.mp3 */; };
		051FCA391AA25B1100D2880F /* ChaChingRegister.mp3 in Resources */ = {isa = PBXBuildFile; fileRef = 051FCA381AA25B1100D2880F /* ChaChingRegister.mp3 */; };
		051FCA3B1AA25B7100D2880F /* ATone.mp3 in Resources */ = {isa = PBXBuildFile; fileRef = 051FCA3A1AA25B7100D2880F /* ATone.mp3 */; };
		051FCA3D1AA26B1200D2880F /* AudioController.swift in Sources */ = {isa = PBXBuildFile; fileRef = 051FCA3C1AA26B1200D2880F /* AudioController.swift */; };
		057085751AAB5F8F00EC30F4 /* NotificationMessages.swift in Sources */ = {isa = PBXBuildFile; fileRef = 05888EEB1AA540C9003FBA64 /* NotificationMessages.swift */; };
		057085771AAC9BBF00EC30F4 /* GameKitHelper.swift in Sources */ = {isa = PBXBuildFile; fileRef = 057085761AAC9BBF00EC30F4 /* GameKitHelper.swift */; };
		0573A8F01A843DE90085C659 /* PlayingCardView.swift in Sources */ = {isa = PBXBuildFile; fileRef = 0573A8EF1A843DE90085C659 /* PlayingCardView.swift */; };
		0584D6AB1AA35C6F009CC994 /* Sounds.plist in Resources */ = {isa = PBXBuildFile; fileRef = 0584D6AA1AA35C6F009CC994 /* Sounds.plist */; };
		0584D6AF1AA3AE97009CC994 /* no-energy.mp3 in Resources */ = {isa = PBXBuildFile; fileRef = 0584D6AE1AA3AE97009CC994 /* no-energy.mp3 */; };
		0584D6B21AA3B15D009CC994 /* Woosh.mp3 in Resources */ = {isa = PBXBuildFile; fileRef = 0584D6B01AA3B15D009CC994 /* Woosh.mp3 */; };
		0584D6B31AA3B15D009CC994 /* Blop.mp3 in Resources */ = {isa = PBXBuildFile; fileRef = 0584D6B11AA3B15D009CC994 /* Blop.mp3 */; };
		0584D6B51AA3B5A1009CC994 /* blip.mp3 in Resources */ = {isa = PBXBuildFile; fileRef = 0584D6B41AA3B5A1009CC994 /* blip.mp3 */; };
		0584D6B71AA3B6B0009CC994 /* button-09.mp3 in Resources */ = {isa = PBXBuildFile; fileRef = 0584D6B61AA3B6B0009CC994 /* button-09.mp3 */; };
		05888EEC1AA540C9003FBA64 /* NotificationMessages.swift in Sources */ = {isa = PBXBuildFile; fileRef = 05888EEB1AA540C9003FBA64 /* NotificationMessages.swift */; };
		05888EEE1AA56517003FBA64 /* PlayingCardShoeView.swift in Sources */ = {isa = PBXBuildFile; fileRef = 05888EED1AA56517003FBA64 /* PlayingCardShoeView.swift */; };
		05888EF01AA7A00A003FBA64 /* HandContainerViewController.swift in Sources */ = {isa = PBXBuildFile; fileRef = 05888EEF1AA7A00A003FBA64 /* HandContainerViewController.swift */; };
		05C12E001A7FEA980055D264 /* AppDelegate.swift in Sources */ = {isa = PBXBuildFile; fileRef = 05C12DFF1A7FEA980055D264 /* AppDelegate.swift */; };
		05C12E031A7FEA980055D264 /* BlackJack.xcdatamodeld in Sources */ = {isa = PBXBuildFile; fileRef = 05C12E011A7FEA980055D264 /* BlackJack.xcdatamodeld */; };
		05C12E051A7FEA980055D264 /* BlackjackGameViewController.swift in Sources */ = {isa = PBXBuildFile; fileRef = 05C12E041A7FEA980055D264 /* BlackjackGameViewController.swift */; };
		05C12E081A7FEA980055D264 /* Main.storyboard in Resources */ = {isa = PBXBuildFile; fileRef = 05C12E061A7FEA980055D264 /* Main.storyboard */; };
		05C12E0A1A7FEA980055D264 /* Images.xcassets in Resources */ = {isa = PBXBuildFile; fileRef = 05C12E091A7FEA980055D264 /* Images.xcassets */; };
		05C12E0D1A7FEA980055D264 /* LaunchScreen.xib in Resources */ = {isa = PBXBuildFile; fileRef = 05C12E0B1A7FEA980055D264 /* LaunchScreen.xib */; };
		05C12E191A7FEA980055D264 /* BlackJackTests.swift in Sources */ = {isa = PBXBuildFile; fileRef = 05C12E181A7FEA980055D264 /* BlackJackTests.swift */; };
		05C12E231A8003B00055D264 /* BlackjackCard.swift in Sources */ = {isa = PBXBuildFile; fileRef = 05C12E221A8003B00055D264 /* BlackjackCard.swift */; };
		05C12E281A80381F0055D264 /* PlayingCardDeckUtilities.swift in Sources */ = {isa = PBXBuildFile; fileRef = 05C12E271A80381F0055D264 /* PlayingCardDeckUtilities.swift */; };
		05C12E2A1A804BA30055D264 /* GameConfiguration.swift in Sources */ = {isa = PBXBuildFile; fileRef = 05C12E291A804BA30055D264 /* GameConfiguration.swift */; };
		05C12E2C1A804D480055D264 /* Player.swift in Sources */ = {isa = PBXBuildFile; fileRef = 05C12E2B1A804D480055D264 /* Player.swift */; };
		05C12E2E1A80501B0055D264 /* Dealer.swift in Sources */ = {isa = PBXBuildFile; fileRef = 05C12E2D1A80501B0055D264 /* Dealer.swift */; };
		05C12E301A8052710055D264 /* BlackjackGame.swift in Sources */ = {isa = PBXBuildFile; fileRef = 05C12E2F1A8052710055D264 /* BlackjackGame.swift */; };
		05C12E321A8056730055D264 /* GameConfigurationControllerTableViewController.swift in Sources */ = {isa = PBXBuildFile; fileRef = 05C12E311A8056730055D264 /* GameConfigurationControllerTableViewController.swift */; };
		05C12E341A828BEF0055D264 /* ModalPresentationTransitionVendor.swift in Sources */ = {isa = PBXBuildFile; fileRef = 05C12E331A828BEF0055D264 /* ModalPresentationTransitionVendor.swift */; };
		05C12E371A8291F70055D264 /* BaseTransitionAnimator.swift in Sources */ = {isa = PBXBuildFile; fileRef = 05C12E361A8291F70055D264 /* BaseTransitionAnimator.swift */; };
		05C12E391A8296BA0055D264 /* ModalTransitionAnimator.swift in Sources */ = {isa = PBXBuildFile; fileRef = 05C12E381A8296BA0055D264 /* ModalTransitionAnimator.swift */; };
		05C494381A87134B00925F2F /* BlackjackCardShoe.swift in Sources */ = {isa = PBXBuildFile; fileRef = 05C494371A87134B00925F2F /* BlackjackCardShoe.swift */; };
		05C4943A1A87C88B00925F2F /* PlayingCard.swift in Sources */ = {isa = PBXBuildFile; fileRef = 05C494391A87C88B00925F2F /* PlayingCard.swift */; };
		05C4943C1A87DB6F00925F2F /* PlayingCardGameProtocols.swift in Sources */ = {isa = PBXBuildFile; fileRef = 05C4943B1A87DB6F00925F2F /* PlayingCardGameProtocols.swift */; };
		05C4943E1A87E17F00925F2F /* BlackjackGameStateTracker.swift in Sources */ = {isa = PBXBuildFile; fileRef = 05C4943D1A87E17F00925F2F /* BlackjackGameStateTracker.swift */; };
		05C494421A8A4ED900925F2F /* BlackjackHand.swift in Sources */ = {isa = PBXBuildFile; fileRef = 05C494411A8A4ED900925F2F /* BlackjackHand.swift */; };
		05C494431A8E461900925F2F /* PlayingCard.swift in Sources */ = {isa = PBXBuildFile; fileRef = 05C494391A87C88B00925F2F /* PlayingCard.swift */; };
		05C494441A8E461D00925F2F /* BlackjackCard.swift in Sources */ = {isa = PBXBuildFile; fileRef = 05C12E221A8003B00055D264 /* BlackjackCard.swift */; };
		05C494451A8E462100925F2F /* PlayingCardDeckUtilities.swift in Sources */ = {isa = PBXBuildFile; fileRef = 05C12E271A80381F0055D264 /* PlayingCardDeckUtilities.swift */; };
		05C494461A8E468F00925F2F /* BlackjackCardShoe.swift in Sources */ = {isa = PBXBuildFile; fileRef = 05C494371A87134B00925F2F /* BlackjackCardShoe.swift */; };
		05C494471A8E469500925F2F /* GameConfiguration.swift in Sources */ = {isa = PBXBuildFile; fileRef = 05C12E291A804BA30055D264 /* GameConfiguration.swift */; };
		05C494481A8E469900925F2F /* Player.swift in Sources */ = {isa = PBXBuildFile; fileRef = 05C12E2B1A804D480055D264 /* Player.swift */; };
		05C494491A8E469C00925F2F /* BlackjackHand.swift in Sources */ = {isa = PBXBuildFile; fileRef = 05C494411A8A4ED900925F2F /* BlackjackHand.swift */; };
		05C4944A1A8E46A000925F2F /* Dealer.swift in Sources */ = {isa = PBXBuildFile; fileRef = 05C12E2D1A80501B0055D264 /* Dealer.swift */; };
		05C4944B1A8E46A400925F2F /* BlackjackGame.swift in Sources */ = {isa = PBXBuildFile; fileRef = 05C12E2F1A8052710055D264 /* BlackjackGame.swift */; };
		05C4944C1A8E46A700925F2F /* BlackjackGameStateTracker.swift in Sources */ = {isa = PBXBuildFile; fileRef = 05C4943D1A87E17F00925F2F /* BlackjackGameStateTracker.swift */; };
		05C4944D1A8E46AB00925F2F /* PlayingCardGameProtocols.swift in Sources */ = {isa = PBXBuildFile; fileRef = 05C4943B1A87DB6F00925F2F /* PlayingCardGameProtocols.swift */; };
/* End PBXBuildFile section */

/* Begin PBXContainerItemProxy section */
		05C12E131A7FEA980055D264 /* PBXContainerItemProxy */ = {
			isa = PBXContainerItemProxy;
			containerPortal = 05C12DF21A7FEA980055D264 /* Project object */;
			proxyType = 1;
			remoteGlobalIDString = 05C12DF91A7FEA980055D264;
			remoteInfo = BlackJack;
		};
/* End PBXContainerItemProxy section */

/* Begin PBXFileReference section */
		050DE8831A9D40D40013C7B8 /* MKLabel.swift */ = {isa = PBXFileReference; fileEncoding = 4; lastKnownFileType = sourcecode.swift; path = MKLabel.swift; sourceTree = "<group>"; };
		050DE8851A9D444F0013C7B8 /* GameActionLabel.swift */ = {isa = PBXFileReference; fileEncoding = 4; lastKnownFileType = sourcecode.swift; path = GameActionLabel.swift; sourceTree = "<group>"; };
		05110FD31A911604008576E4 /* GameActionButton.swift */ = {isa = PBXFileReference; fileEncoding = 4; lastKnownFileType = sourcecode.swift; path = GameActionButton.swift; sourceTree = "<group>"; };
		05110FD51A914708008576E4 /* MKLayer.swift */ = {isa = PBXFileReference; fileEncoding = 4; lastKnownFileType = sourcecode.swift; path = MKLayer.swift; sourceTree = "<group>"; };
		05110FD71A943BF0008576E4 /* DealerHandContainerViewController.swift */ = {isa = PBXFileReference; fileEncoding = 4; lastKnownFileType = sourcecode.swift; path = DealerHandContainerViewController.swift; sourceTree = "<group>"; };
		051256E01A97C87200D18BF7 /* PlayerHandContainerViewController.swift */ = {isa = PBXFileReference; fileEncoding = 4; lastKnownFileType = sourcecode.swift; path = PlayerHandContainerViewController.swift; sourceTree = "<group>"; };
		051256E21A9BAD3700D18BF7 /* GameAnimatedLabel.swift */ = {isa = PBXFileReference; fileEncoding = 4; lastKnownFileType = sourcecode.swift; path = GameAnimatedLabel.swift; sourceTree = "<group>"; };
		051FCA2C1AA2582F00D2880F /* bomb.mp3 */ = {isa = PBXFileReference; lastKnownFileType = audio.mp3; path = bomb.mp3; sourceTree = "<group>"; };
		051FCA2D1AA2582F00D2880F /* drop.mp3 */ = {isa = PBXFileReference; lastKnownFileType = audio.mp3; path = drop.mp3; sourceTree = "<group>"; };
		051FCA2E1AA2582F00D2880F /* gameover.mp3 */ = {isa = PBXFileReference; lastKnownFileType = audio.mp3; path = gameover.mp3; sourceTree = "<group>"; };
		051FCA2F1AA2582F00D2880F /* levelup.mp3 */ = {isa = PBXFileReference; lastKnownFileType = audio.mp3; path = levelup.mp3; sourceTree = "<group>"; };
		051FCA301AA2582F00D2880F /* theme.mp3 */ = {isa = PBXFileReference; lastKnownFileType = audio.mp3; path = theme.mp3; sourceTree = "<group>"; };
		051FCA361AA2592200D2880F /* LightBulbBreaking.mp3 */ = {isa = PBXFileReference; lastKnownFileType = audio.mp3; path = LightBulbBreaking.mp3; sourceTree = "<group>"; };
		051FCA381AA25B1100D2880F /* ChaChingRegister.mp3 */ = {isa = PBXFileReference; lastKnownFileType = audio.mp3; path = ChaChingRegister.mp3; sourceTree = "<group>"; };
		051FCA3A1AA25B7100D2880F /* ATone.mp3 */ = {isa = PBXFileReference; lastKnownFileType = audio.mp3; path = ATone.mp3; sourceTree = "<group>"; };
		051FCA3C1AA26B1200D2880F /* AudioController.swift */ = {isa = PBXFileReference; fileEncoding = 4; lastKnownFileType = sourcecode.swift; path = AudioController.swift; sourceTree = "<group>"; };
		057085761AAC9BBF00EC30F4 /* GameKitHelper.swift */ = {isa = PBXFileReference; fileEncoding = 4; lastKnownFileType = sourcecode.swift; path = GameKitHelper.swift; sourceTree = "<group>"; };
		0573A8EF1A843DE90085C659 /* PlayingCardView.swift */ = {isa = PBXFileReference; fileEncoding = 4; lastKnownFileType = sourcecode.swift; path = PlayingCardView.swift; sourceTree = "<group>"; };
		0584D6AA1AA35C6F009CC994 /* Sounds.plist */ = {isa = PBXFileReference; fileEncoding = 4; lastKnownFileType = text.plist.xml; path = Sounds.plist; sourceTree = "<group>"; };
		0584D6AE1AA3AE97009CC994 /* no-energy.mp3 */ = {isa = PBXFileReference; lastKnownFileType = audio.mp3; path = "no-energy.mp3"; sourceTree = "<group>"; };
		0584D6B01AA3B15D009CC994 /* Woosh.mp3 */ = {isa = PBXFileReference; lastKnownFileType = audio.mp3; path = Woosh.mp3; sourceTree = "<group>"; };
		0584D6B11AA3B15D009CC994 /* Blop.mp3 */ = {isa = PBXFileReference; lastKnownFileType = audio.mp3; path = Blop.mp3; sourceTree = "<group>"; };
		0584D6B41AA3B5A1009CC994 /* blip.mp3 */ = {isa = PBXFileReference; lastKnownFileType = audio.mp3; path = blip.mp3; sourceTree = "<group>"; };
		0584D6B61AA3B6B0009CC994 /* button-09.mp3 */ = {isa = PBXFileReference; lastKnownFileType = audio.mp3; path = "button-09.mp3"; sourceTree = "<group>"; };
		05888EEB1AA540C9003FBA64 /* NotificationMessages.swift */ = {isa = PBXFileReference; fileEncoding = 4; lastKnownFileType = sourcecode.swift; path = NotificationMessages.swift; sourceTree = "<group>"; };
		05888EED1AA56517003FBA64 /* PlayingCardShoeView.swift */ = {isa = PBXFileReference; fileEncoding = 4; lastKnownFileType = sourcecode.swift; path = PlayingCardShoeView.swift; sourceTree = "<group>"; };
		05888EEF1AA7A00A003FBA64 /* HandContainerViewController.swift */ = {isa = PBXFileReference; fileEncoding = 4; lastKnownFileType = sourcecode.swift; path = HandContainerViewController.swift; sourceTree = "<group>"; };
		05C12DFA1A7FEA980055D264 /* BlackJack.app */ = {isa = PBXFileReference; explicitFileType = wrapper.application; includeInIndex = 0; path = BlackJack.app; sourceTree = BUILT_PRODUCTS_DIR; };
		05C12DFE1A7FEA980055D264 /* Info.plist */ = {isa = PBXFileReference; lastKnownFileType = text.plist.xml; path = Info.plist; sourceTree = "<group>"; };
		05C12DFF1A7FEA980055D264 /* AppDelegate.swift */ = {isa = PBXFileReference; lastKnownFileType = sourcecode.swift; path = AppDelegate.swift; sourceTree = "<group>"; };
		05C12E021A7FEA980055D264 /* BlackJack.xcdatamodel */ = {isa = PBXFileReference; lastKnownFileType = wrapper.xcdatamodel; path = BlackJack.xcdatamodel; sourceTree = "<group>"; };
		05C12E041A7FEA980055D264 /* BlackjackGameViewController.swift */ = {isa = PBXFileReference; lastKnownFileType = sourcecode.swift; path = BlackjackGameViewController.swift; sourceTree = "<group>"; };
		05C12E071A7FEA980055D264 /* Base */ = {isa = PBXFileReference; lastKnownFileType = file.storyboard; name = Base; path = Base.lproj/Main.storyboard; sourceTree = "<group>"; };
		05C12E091A7FEA980055D264 /* Images.xcassets */ = {isa = PBXFileReference; lastKnownFileType = folder.assetcatalog; path = Images.xcassets; sourceTree = "<group>"; };
		05C12E0C1A7FEA980055D264 /* Base */ = {isa = PBXFileReference; lastKnownFileType = file.xib; name = Base; path = Base.lproj/LaunchScreen.xib; sourceTree = "<group>"; };
		05C12E121A7FEA980055D264 /* BlackJackTests.xctest */ = {isa = PBXFileReference; explicitFileType = wrapper.cfbundle; includeInIndex = 0; path = BlackJackTests.xctest; sourceTree = BUILT_PRODUCTS_DIR; };
		05C12E171A7FEA980055D264 /* Info.plist */ = {isa = PBXFileReference; lastKnownFileType = text.plist.xml; path = Info.plist; sourceTree = "<group>"; };
		05C12E181A7FEA980055D264 /* BlackJackTests.swift */ = {isa = PBXFileReference; lastKnownFileType = sourcecode.swift; path = BlackJackTests.swift; sourceTree = "<group>"; };
		05C12E221A8003B00055D264 /* BlackjackCard.swift */ = {isa = PBXFileReference; fileEncoding = 4; lastKnownFileType = sourcecode.swift; path = BlackjackCard.swift; sourceTree = "<group>"; };
		05C12E271A80381F0055D264 /* PlayingCardDeckUtilities.swift */ = {isa = PBXFileReference; fileEncoding = 4; lastKnownFileType = sourcecode.swift; path = PlayingCardDeckUtilities.swift; sourceTree = "<group>"; };
		05C12E291A804BA30055D264 /* GameConfiguration.swift */ = {isa = PBXFileReference; fileEncoding = 4; lastKnownFileType = sourcecode.swift; path = GameConfiguration.swift; sourceTree = "<group>"; };
		05C12E2B1A804D480055D264 /* Player.swift */ = {isa = PBXFileReference; fileEncoding = 4; lastKnownFileType = sourcecode.swift; path = Player.swift; sourceTree = "<group>"; };
		05C12E2D1A80501B0055D264 /* Dealer.swift */ = {isa = PBXFileReference; fileEncoding = 4; lastKnownFileType = sourcecode.swift; path = Dealer.swift; sourceTree = "<group>"; };
		05C12E2F1A8052710055D264 /* BlackjackGame.swift */ = {isa = PBXFileReference; fileEncoding = 4; lastKnownFileType = sourcecode.swift; path = BlackjackGame.swift; sourceTree = "<group>"; };
		05C12E311A8056730055D264 /* GameConfigurationControllerTableViewController.swift */ = {isa = PBXFileReference; fileEncoding = 4; lastKnownFileType = sourcecode.swift; path = GameConfigurationControllerTableViewController.swift; sourceTree = "<group>"; };
		05C12E331A828BEF0055D264 /* ModalPresentationTransitionVendor.swift */ = {isa = PBXFileReference; fileEncoding = 4; lastKnownFileType = sourcecode.swift; path = ModalPresentationTransitionVendor.swift; sourceTree = "<group>"; };
		05C12E361A8291F70055D264 /* BaseTransitionAnimator.swift */ = {isa = PBXFileReference; fileEncoding = 4; lastKnownFileType = sourcecode.swift; path = BaseTransitionAnimator.swift; sourceTree = "<group>"; };
		05C12E381A8296BA0055D264 /* ModalTransitionAnimator.swift */ = {isa = PBXFileReference; fileEncoding = 4; lastKnownFileType = sourcecode.swift; path = ModalTransitionAnimator.swift; sourceTree = "<group>"; };
		05C494371A87134B00925F2F /* BlackjackCardShoe.swift */ = {isa = PBXFileReference; fileEncoding = 4; lastKnownFileType = sourcecode.swift; path = BlackjackCardShoe.swift; sourceTree = "<group>"; };
		05C494391A87C88B00925F2F /* PlayingCard.swift */ = {isa = PBXFileReference; fileEncoding = 4; lastKnownFileType = sourcecode.swift; path = PlayingCard.swift; sourceTree = "<group>"; };
		05C4943B1A87DB6F00925F2F /* PlayingCardGameProtocols.swift */ = {isa = PBXFileReference; fileEncoding = 4; lastKnownFileType = sourcecode.swift; path = PlayingCardGameProtocols.swift; sourceTree = "<group>"; };
		05C4943D1A87E17F00925F2F /* BlackjackGameStateTracker.swift */ = {isa = PBXFileReference; fileEncoding = 4; lastKnownFileType = sourcecode.swift; path = BlackjackGameStateTracker.swift; sourceTree = "<group>"; };
		05C494411A8A4ED900925F2F /* BlackjackHand.swift */ = {isa = PBXFileReference; fileEncoding = 4; lastKnownFileType = sourcecode.swift; path = BlackjackHand.swift; sourceTree = "<group>"; };
/* End PBXFileReference section */

/* Begin PBXFrameworksBuildPhase section */
		05C12DF71A7FEA980055D264 /* Frameworks */ = {
			isa = PBXFrameworksBuildPhase;
			buildActionMask = 2147483647;
			files = (
			);
			runOnlyForDeploymentPostprocessing = 0;
		};
		05C12E0F1A7FEA980055D264 /* Frameworks */ = {
			isa = PBXFrameworksBuildPhase;
			buildActionMask = 2147483647;
			files = (
			);
			runOnlyForDeploymentPostprocessing = 0;
		};
/* End PBXFrameworksBuildPhase section */

/* Begin PBXGroup section */
		051FCA2B1AA2582F00D2880F /* Sounds */ = {
			isa = PBXGroup;
			children = (
				0584D6B41AA3B5A1009CC994 /* blip.mp3 */,
				0584D6B61AA3B6B0009CC994 /* button-09.mp3 */,
				0584D6B01AA3B15D009CC994 /* Woosh.mp3 */,
				0584D6B11AA3B15D009CC994 /* Blop.mp3 */,
				051FCA3A1AA25B7100D2880F /* ATone.mp3 */,
				051FCA361AA2592200D2880F /* LightBulbBreaking.mp3 */,
				0584D6AE1AA3AE97009CC994 /* no-energy.mp3 */,
				051FCA381AA25B1100D2880F /* ChaChingRegister.mp3 */,
				051FCA2C1AA2582F00D2880F /* bomb.mp3 */,
				051FCA2D1AA2582F00D2880F /* drop.mp3 */,
				051FCA2E1AA2582F00D2880F /* gameover.mp3 */,
				051FCA2F1AA2582F00D2880F /* levelup.mp3 */,
				051FCA301AA2582F00D2880F /* theme.mp3 */,
			);
			path = Sounds;
			sourceTree = "<group>";
		};
		05C12DF11A7FEA980055D264 = {
			isa = PBXGroup;
			children = (
				05C12DFC1A7FEA980055D264 /* BlackJack */,
				05C12E151A7FEA980055D264 /* BlackJackTests */,
				05C12DFB1A7FEA980055D264 /* Products */,
			);
			sourceTree = "<group>";
		};
		05C12DFB1A7FEA980055D264 /* Products */ = {
			isa = PBXGroup;
			children = (
				05C12DFA1A7FEA980055D264 /* BlackJack.app */,
				05C12E121A7FEA980055D264 /* BlackJackTests.xctest */,
			);
			name = Products;
			sourceTree = "<group>";
		};
		05C12DFC1A7FEA980055D264 /* BlackJack */ = {
			isa = PBXGroup;
			children = (
				05C12DFF1A7FEA980055D264 /* AppDelegate.swift */,
				05C12E351A828C510055D264 /* Animations */,
				05C12E261A8004530055D264 /* Controllers */,
				05C12E251A8003E20055D264 /* View */,
				05C12E241A8003C00055D264 /* Model */,
				05C12E091A7FEA980055D264 /* Images.xcassets */,
				051FCA2B1AA2582F00D2880F /* Sounds */,
				05C12DFD1A7FEA980055D264 /* Supporting Files */,
			);
			path = BlackJack;
			sourceTree = "<group>";
		};
		05C12DFD1A7FEA980055D264 /* Supporting Files */ = {
			isa = PBXGroup;
			children = (
				05C12DFE1A7FEA980055D264 /* Info.plist */,
				0584D6AA1AA35C6F009CC994 /* Sounds.plist */,
			);
			name = "Supporting Files";
			sourceTree = "<group>";
		};
		05C12E151A7FEA980055D264 /* BlackJackTests */ = {
			isa = PBXGroup;
			children = (
				05C12E181A7FEA980055D264 /* BlackJackTests.swift */,
				05C12E161A7FEA980055D264 /* Supporting Files */,
			);
			path = BlackJackTests;
			sourceTree = "<group>";
		};
		05C12E161A7FEA980055D264 /* Supporting Files */ = {
			isa = PBXGroup;
			children = (
				05C12E171A7FEA980055D264 /* Info.plist */,
			);
			name = "Supporting Files";
			sourceTree = "<group>";
		};
		05C12E241A8003C00055D264 /* Model */ = {
			isa = PBXGroup;
			children = (
				05C494391A87C88B00925F2F /* PlayingCard.swift */,
				05C12E221A8003B00055D264 /* BlackjackCard.swift */,
				05888EEB1AA540C9003FBA64 /* NotificationMessages.swift */,
				05C12E271A80381F0055D264 /* PlayingCardDeckUtilities.swift */,
				05C494371A87134B00925F2F /* BlackjackCardShoe.swift */,
				05C12E291A804BA30055D264 /* GameConfiguration.swift */,
				05C12E2B1A804D480055D264 /* Player.swift */,
				05C494411A8A4ED900925F2F /* BlackjackHand.swift */,
				05C12E2D1A80501B0055D264 /* Dealer.swift */,
				05C12E2F1A8052710055D264 /* BlackjackGame.swift */,
				05C4943D1A87E17F00925F2F /* BlackjackGameStateTracker.swift */,
				05C4943B1A87DB6F00925F2F /* PlayingCardGameProtocols.swift */,
				05C12E011A7FEA980055D264 /* BlackJack.xcdatamodeld */,
			);
			name = Model;
			sourceTree = "<group>";
		};
		05C12E251A8003E20055D264 /* View */ = {
			isa = PBXGroup;
			children = (
				05C12E061A7FEA980055D264 /* Main.storyboard */,
				05888EED1AA56517003FBA64 /* PlayingCardShoeView.swift */,
				05110FD31A911604008576E4 /* GameActionButton.swift */,
				051256E21A9BAD3700D18BF7 /* GameAnimatedLabel.swift */,
				050DE8831A9D40D40013C7B8 /* MKLabel.swift */,
				050DE8851A9D444F0013C7B8 /* GameActionLabel.swift */,
				05110FD51A914708008576E4 /* MKLayer.swift */,
				0573A8EF1A843DE90085C659 /* PlayingCardView.swift */,
				05C12E0B1A7FEA980055D264 /* LaunchScreen.xib */,
			);
			name = View;
			sourceTree = "<group>";
		};
		05C12E261A8004530055D264 /* Controllers */ = {
			isa = PBXGroup;
			children = (
				057085761AAC9BBF00EC30F4 /* GameKitHelper.swift */,
				05C12E041A7FEA980055D264 /* BlackjackGameViewController.swift */,
				051256E01A97C87200D18BF7 /* PlayerHandContainerViewController.swift */,
				05888EEF1AA7A00A003FBA64 /* HandContainerViewController.swift */,
				05110FD71A943BF0008576E4 /* DealerHandContainerViewController.swift */,
				05C12E311A8056730055D264 /* GameConfigurationControllerTableViewController.swift */,
				051FCA3C1AA26B1200D2880F /* AudioController.swift */,
			);
			name = Controllers;
			sourceTree = "<group>";
		};
		05C12E351A828C510055D264 /* Animations */ = {
			isa = PBXGroup;
			children = (
				05C12E331A828BEF0055D264 /* ModalPresentationTransitionVendor.swift */,
				05C12E381A8296BA0055D264 /* ModalTransitionAnimator.swift */,
				05C12E361A8291F70055D264 /* BaseTransitionAnimator.swift */,
			);
			name = Animations;
			sourceTree = "<group>";
		};
/* End PBXGroup section */

/* Begin PBXNativeTarget section */
		05C12DF91A7FEA980055D264 /* BlackJack */ = {
			isa = PBXNativeTarget;
			buildConfigurationList = 05C12E1C1A7FEA980055D264 /* Build configuration list for PBXNativeTarget "BlackJack" */;
			buildPhases = (
				05C12DF61A7FEA980055D264 /* Sources */,
				05C12DF71A7FEA980055D264 /* Frameworks */,
				05C12DF81A7FEA980055D264 /* Resources */,
			);
			buildRules = (
			);
			dependencies = (
			);
			name = BlackJack;
			productName = BlackJack;
			productReference = 05C12DFA1A7FEA980055D264 /* BlackJack.app */;
			productType = "com.apple.product-type.application";
		};
		05C12E111A7FEA980055D264 /* BlackJackTests */ = {
			isa = PBXNativeTarget;
			buildConfigurationList = 05C12E1F1A7FEA980055D264 /* Build configuration list for PBXNativeTarget "BlackJackTests" */;
			buildPhases = (
				05C12E0E1A7FEA980055D264 /* Sources */,
				05C12E0F1A7FEA980055D264 /* Frameworks */,
				05C12E101A7FEA980055D264 /* Resources */,
			);
			buildRules = (
			);
			dependencies = (
				05C12E141A7FEA980055D264 /* PBXTargetDependency */,
			);
			name = BlackJackTests;
			productName = BlackJackTests;
			productReference = 05C12E121A7FEA980055D264 /* BlackJackTests.xctest */;
			productType = "com.apple.product-type.bundle.unit-test";
		};
/* End PBXNativeTarget section */

/* Begin PBXProject section */
		05C12DF21A7FEA980055D264 /* Project object */ = {
			isa = PBXProject;
			attributes = {
				LastUpgradeCheck = 0610;
				ORGANIZATIONNAME = "Sameer Totey";
				TargetAttributes = {
					05C12DF91A7FEA980055D264 = {
						CreatedOnToolsVersion = 6.1.1;
					};
					05C12E111A7FEA980055D264 = {
						CreatedOnToolsVersion = 6.1.1;
						TestTargetID = 05C12DF91A7FEA980055D264;
					};
				};
			};
			buildConfigurationList = 05C12DF51A7FEA980055D264 /* Build configuration list for PBXProject "BlackJack" */;
			compatibilityVersion = "Xcode 3.2";
			developmentRegion = English;
			hasScannedForEncodings = 0;
			knownRegions = (
				en,
				Base,
			);
			mainGroup = 05C12DF11A7FEA980055D264;
			productRefGroup = 05C12DFB1A7FEA980055D264 /* Products */;
			projectDirPath = "";
			projectRoot = "";
			targets = (
				05C12DF91A7FEA980055D264 /* BlackJack */,
				05C12E111A7FEA980055D264 /* BlackJackTests */,
			);
		};
/* End PBXProject section */

/* Begin PBXResourcesBuildPhase section */
		05C12DF81A7FEA980055D264 /* Resources */ = {
			isa = PBXResourcesBuildPhase;
			buildActionMask = 2147483647;
			files = (
				05C12E081A7FEA980055D264 /* Main.storyboard in Resources */,
				051FCA321AA2583000D2880F /* drop.mp3 in Resources */,
				0584D6AB1AA35C6F009CC994 /* Sounds.plist in Resources */,
				051FCA351AA2583000D2880F /* theme.mp3 in Resources */,
				0584D6B31AA3B15D009CC994 /* Blop.mp3 in Resources */,
				0584D6AF1AA3AE97009CC994 /* no-energy.mp3 in Resources */,
				0584D6B71AA3B6B0009CC994 /* button-09.mp3 in Resources */,
				051FCA331AA2583000D2880F /* gameover.mp3 in Resources */,
				05C12E0D1A7FEA980055D264 /* LaunchScreen.xib in Resources */,
				051FCA341AA2583000D2880F /* levelup.mp3 in Resources */,
				051FCA371AA2592200D2880F /* LightBulbBreaking.mp3 in Resources */,
				051FCA311AA2583000D2880F /* bomb.mp3 in Resources */,
				0584D6B51AA3B5A1009CC994 /* blip.mp3 in Resources */,
				0584D6B21AA3B15D009CC994 /* Woosh.mp3 in Resources */,
				051FCA391AA25B1100D2880F /* ChaChingRegister.mp3 in Resources */,
				05C12E0A1A7FEA980055D264 /* Images.xcassets in Resources */,
				051FCA3B1AA25B7100D2880F /* ATone.mp3 in Resources */,
			);
			runOnlyForDeploymentPostprocessing = 0;
		};
		05C12E101A7FEA980055D264 /* Resources */ = {
			isa = PBXResourcesBuildPhase;
			buildActionMask = 2147483647;
			files = (
			);
			runOnlyForDeploymentPostprocessing = 0;
		};
/* End PBXResourcesBuildPhase section */

/* Begin PBXSourcesBuildPhase section */
		05C12DF61A7FEA980055D264 /* Sources */ = {
			isa = PBXSourcesBuildPhase;
			buildActionMask = 2147483647;
			files = (
				05C12E281A80381F0055D264 /* PlayingCardDeckUtilities.swift in Sources */,
				0573A8F01A843DE90085C659 /* PlayingCardView.swift in Sources */,
				050DE8861A9D444F0013C7B8 /* GameActionLabel.swift in Sources */,
				05C12E301A8052710055D264 /* BlackjackGame.swift in Sources */,
				05C4943E1A87E17F00925F2F /* BlackjackGameStateTracker.swift in Sources */,
				050DE8841A9D40D40013C7B8 /* MKLabel.swift in Sources */,
				05C494421A8A4ED900925F2F /* BlackjackHand.swift in Sources */,
				05C12E051A7FEA980055D264 /* BlackjackGameViewController.swift in Sources */,
				05C12E031A7FEA980055D264 /* BlackJack.xcdatamodeld in Sources */,
				05C12E391A8296BA0055D264 /* ModalTransitionAnimator.swift in Sources */,
				05C12E371A8291F70055D264 /* BaseTransitionAnimator.swift in Sources */,
				05888EF01AA7A00A003FBA64 /* HandContainerViewController.swift in Sources */,
				05C12E321A8056730055D264 /* GameConfigurationControllerTableViewController.swift in Sources */,
				05110FD61A914708008576E4 /* MKLayer.swift in Sources */,
				05C12E341A828BEF0055D264 /* ModalPresentationTransitionVendor.swift in Sources */,
				05110FD81A943BF0008576E4 /* DealerHandContainerViewController.swift in Sources */,
				05C12E231A8003B00055D264 /* BlackjackCard.swift in Sources */,
				05C4943A1A87C88B00925F2F /* PlayingCard.swift in Sources */,
				051256E31A9BAD3700D18BF7 /* GameAnimatedLabel.swift in Sources */,
				05888EEE1AA56517003FBA64 /* PlayingCardShoeView.swift in Sources */,
				05C12E2E1A80501B0055D264 /* Dealer.swift in Sources */,
				051FCA3D1AA26B1200D2880F /* AudioController.swift in Sources */,
				05C12E2C1A804D480055D264 /* Player.swift in Sources */,
				051256E11A97C87200D18BF7 /* PlayerHandContainerViewController.swift in Sources */,
				05C494381A87134B00925F2F /* BlackjackCardShoe.swift in Sources */,
				05C4943C1A87DB6F00925F2F /* PlayingCardGameProtocols.swift in Sources */,
				05888EEC1AA540C9003FBA64 /* NotificationMessages.swift in Sources */,
				05110FD41A911604008576E4 /* GameActionButton.swift in Sources */,
				057085771AAC9BBF00EC30F4 /* GameKitHelper.swift in Sources */,
				05C12E2A1A804BA30055D264 /* GameConfiguration.swift in Sources */,
				05C12E001A7FEA980055D264 /* AppDelegate.swift in Sources */,
			);
			runOnlyForDeploymentPostprocessing = 0;
		};
		05C12E0E1A7FEA980055D264 /* Sources */ = {
			isa = PBXSourcesBuildPhase;
			buildActionMask = 2147483647;
			files = (
				05C494431A8E461900925F2F /* PlayingCard.swift in Sources */,
				05C494441A8E461D00925F2F /* BlackjackCard.swift in Sources */,
				05C4944A1A8E46A000925F2F /* Dealer.swift in Sources */,
				05C494461A8E468F00925F2F /* BlackjackCardShoe.swift in Sources */,
				05C494451A8E462100925F2F /* PlayingCardDeckUtilities.swift in Sources */,
				05C494481A8E469900925F2F /* Player.swift in Sources */,
				05C4944D1A8E46AB00925F2F /* PlayingCardGameProtocols.swift in Sources */,
				057085751AAB5F8F00EC30F4 /* NotificationMessages.swift in Sources */,
				05C494471A8E469500925F2F /* GameConfiguration.swift in Sources */,
				05C12E191A7FEA980055D264 /* BlackJackTests.swift in Sources */,
				05C4944B1A8E46A400925F2F /* BlackjackGame.swift in Sources */,
				05C494491A8E469C00925F2F /* BlackjackHand.swift in Sources */,
				05C4944C1A8E46A700925F2F /* BlackjackGameStateTracker.swift in Sources */,
			);
			runOnlyForDeploymentPostprocessing = 0;
		};
/* End PBXSourcesBuildPhase section */

/* Begin PBXTargetDependency section */
		05C12E141A7FEA980055D264 /* PBXTargetDependency */ = {
			isa = PBXTargetDependency;
			target = 05C12DF91A7FEA980055D264 /* BlackJack */;
			targetProxy = 05C12E131A7FEA980055D264 /* PBXContainerItemProxy */;
		};
/* End PBXTargetDependency section */

/* Begin PBXVariantGroup section */
		05C12E061A7FEA980055D264 /* Main.storyboard */ = {
			isa = PBXVariantGroup;
			children = (
				05C12E071A7FEA980055D264 /* Base */,
			);
			name = Main.storyboard;
			sourceTree = "<group>";
		};
		05C12E0B1A7FEA980055D264 /* LaunchScreen.xib */ = {
			isa = PBXVariantGroup;
			children = (
				05C12E0C1A7FEA980055D264 /* Base */,
			);
			name = LaunchScreen.xib;
			sourceTree = "<group>";
		};
/* End PBXVariantGroup section */

/* Begin XCBuildConfiguration section */
		05C12E1A1A7FEA980055D264 /* Debug */ = {
			isa = XCBuildConfiguration;
			buildSettings = {
				ALWAYS_SEARCH_USER_PATHS = NO;
				CLANG_CXX_LANGUAGE_STANDARD = "gnu++0x";
				CLANG_CXX_LIBRARY = "libc++";
				CLANG_ENABLE_MODULES = YES;
				CLANG_ENABLE_OBJC_ARC = YES;
				CLANG_WARN_BOOL_CONVERSION = YES;
				CLANG_WARN_CONSTANT_CONVERSION = YES;
				CLANG_WARN_DIRECT_OBJC_ISA_USAGE = YES_ERROR;
				CLANG_WARN_EMPTY_BODY = YES;
				CLANG_WARN_ENUM_CONVERSION = YES;
				CLANG_WARN_INT_CONVERSION = YES;
				CLANG_WARN_OBJC_ROOT_CLASS = YES_ERROR;
				CLANG_WARN_UNREACHABLE_CODE = YES;
				CLANG_WARN__DUPLICATE_METHOD_MATCH = YES;
				"CODE_SIGN_IDENTITY[sdk=iphoneos*]" = "iPhone Developer";
				COPY_PHASE_STRIP = NO;
				ENABLE_STRICT_OBJC_MSGSEND = YES;
				GCC_C_LANGUAGE_STANDARD = gnu99;
				GCC_DYNAMIC_NO_PIC = NO;
				GCC_OPTIMIZATION_LEVEL = 0;
				GCC_PREPROCESSOR_DEFINITIONS = (
					"DEBUG=1",
					"$(inherited)",
				);
				GCC_SYMBOLS_PRIVATE_EXTERN = NO;
				GCC_WARN_64_TO_32_BIT_CONVERSION = YES;
				GCC_WARN_ABOUT_RETURN_TYPE = YES_ERROR;
				GCC_WARN_UNDECLARED_SELECTOR = YES;
				GCC_WARN_UNINITIALIZED_AUTOS = YES_AGGRESSIVE;
				GCC_WARN_UNUSED_FUNCTION = YES;
				GCC_WARN_UNUSED_VARIABLE = YES;
				IPHONEOS_DEPLOYMENT_TARGET = 8.1;
				MTL_ENABLE_DEBUG_INFO = YES;
				ONLY_ACTIVE_ARCH = YES;
				SDKROOT = iphoneos;
				SWIFT_OPTIMIZATION_LEVEL = "-Onone";
				TARGETED_DEVICE_FAMILY = "1,2";
			};
			name = Debug;
		};
		05C12E1B1A7FEA980055D264 /* Release */ = {
			isa = XCBuildConfiguration;
			buildSettings = {
				ALWAYS_SEARCH_USER_PATHS = NO;
				CLANG_CXX_LANGUAGE_STANDARD = "gnu++0x";
				CLANG_CXX_LIBRARY = "libc++";
				CLANG_ENABLE_MODULES = YES;
				CLANG_ENABLE_OBJC_ARC = YES;
				CLANG_WARN_BOOL_CONVERSION = YES;
				CLANG_WARN_CONSTANT_CONVERSION = YES;
				CLANG_WARN_DIRECT_OBJC_ISA_USAGE = YES_ERROR;
				CLANG_WARN_EMPTY_BODY = YES;
				CLANG_WARN_ENUM_CONVERSION = YES;
				CLANG_WARN_INT_CONVERSION = YES;
				CLANG_WARN_OBJC_ROOT_CLASS = YES_ERROR;
				CLANG_WARN_UNREACHABLE_CODE = YES;
				CLANG_WARN__DUPLICATE_METHOD_MATCH = YES;
				"CODE_SIGN_IDENTITY[sdk=iphoneos*]" = "iPhone Developer";
				COPY_PHASE_STRIP = YES;
				ENABLE_NS_ASSERTIONS = NO;
				ENABLE_STRICT_OBJC_MSGSEND = YES;
				GCC_C_LANGUAGE_STANDARD = gnu99;
				GCC_WARN_64_TO_32_BIT_CONVERSION = YES;
				GCC_WARN_ABOUT_RETURN_TYPE = YES_ERROR;
				GCC_WARN_UNDECLARED_SELECTOR = YES;
				GCC_WARN_UNINITIALIZED_AUTOS = YES_AGGRESSIVE;
				GCC_WARN_UNUSED_FUNCTION = YES;
				GCC_WARN_UNUSED_VARIABLE = YES;
				IPHONEOS_DEPLOYMENT_TARGET = 8.1;
				MTL_ENABLE_DEBUG_INFO = NO;
				SDKROOT = iphoneos;
				TARGETED_DEVICE_FAMILY = "1,2";
				VALIDATE_PRODUCT = YES;
			};
			name = Release;
		};
		05C12E1D1A7FEA980055D264 /* Debug */ = {
			isa = XCBuildConfiguration;
			buildSettings = {
				ASSETCATALOG_COMPILER_APPICON_NAME = AppIcon;
				INFOPLIST_FILE = BlackJack/Info.plist;
				LD_RUNPATH_SEARCH_PATHS = "$(inherited) @executable_path/Frameworks";
				PRODUCT_NAME = "$(TARGET_NAME)";
			};
			name = Debug;
		};
		05C12E1E1A7FEA980055D264 /* Release */ = {
			isa = XCBuildConfiguration;
			buildSettings = {
				ASSETCATALOG_COMPILER_APPICON_NAME = AppIcon;
				INFOPLIST_FILE = BlackJack/Info.plist;
				LD_RUNPATH_SEARCH_PATHS = "$(inherited) @executable_path/Frameworks";
				PRODUCT_NAME = "$(TARGET_NAME)";
			};
			name = Release;
		};
		05C12E201A7FEA980055D264 /* Debug */ = {
			isa = XCBuildConfiguration;
			buildSettings = {
				BUNDLE_LOADER = "$(TEST_HOST)";
				FRAMEWORK_SEARCH_PATHS = (
					"$(SDKROOT)/Developer/Library/Frameworks",
					"$(inherited)",
				);
				GCC_PREPROCESSOR_DEFINITIONS = (
					"DEBUG=1",
					"$(inherited)",
				);
				INFOPLIST_FILE = BlackJackTests/Info.plist;
				LD_RUNPATH_SEARCH_PATHS = "$(inherited) @executable_path/Frameworks @loader_path/Frameworks";
				PRODUCT_NAME = "$(TARGET_NAME)";
				TEST_HOST = "$(BUILT_PRODUCTS_DIR)/BlackJack.app/BlackJack";
			};
			name = Debug;
		};
		05C12E211A7FEA980055D264 /* Release */ = {
			isa = XCBuildConfiguration;
			buildSettings = {
				BUNDLE_LOADER = "$(TEST_HOST)";
				FRAMEWORK_SEARCH_PATHS = (
					"$(SDKROOT)/Developer/Library/Frameworks",
					"$(inherited)",
				);
				INFOPLIST_FILE = BlackJackTests/Info.plist;
				LD_RUNPATH_SEARCH_PATHS = "$(inherited) @executable_path/Frameworks @loader_path/Frameworks";
				PRODUCT_NAME = "$(TARGET_NAME)";
				TEST_HOST = "$(BUILT_PRODUCTS_DIR)/BlackJack.app/BlackJack";
			};
			name = Release;
		};
/* End XCBuildConfiguration section */

/* Begin XCConfigurationList section */
		05C12DF51A7FEA980055D264 /* Build configuration list for PBXProject "BlackJack" */ = {
			isa = XCConfigurationList;
			buildConfigurations = (
				05C12E1A1A7FEA980055D264 /* Debug */,
				05C12E1B1A7FEA980055D264 /* Release */,
			);
			defaultConfigurationIsVisible = 0;
			defaultConfigurationName = Release;
		};
		05C12E1C1A7FEA980055D264 /* Build configuration list for PBXNativeTarget "BlackJack" */ = {
			isa = XCConfigurationList;
			buildConfigurations = (
				05C12E1D1A7FEA980055D264 /* Debug */,
				05C12E1E1A7FEA980055D264 /* Release */,
			);
			defaultConfigurationIsVisible = 0;
			defaultConfigurationName = Release;
		};
		05C12E1F1A7FEA980055D264 /* Build configuration list for PBXNativeTarget "BlackJackTests" */ = {
			isa = XCConfigurationList;
			buildConfigurations = (
				05C12E201A7FEA980055D264 /* Debug */,
				05C12E211A7FEA980055D264 /* Release */,
			);
			defaultConfigurationIsVisible = 0;
			defaultConfigurationName = Release;
		};
/* End XCConfigurationList section */

/* Begin XCVersionGroup section */
		05C12E011A7FEA980055D264 /* BlackJack.xcdatamodeld */ = {
			isa = XCVersionGroup;
			children = (
				05C12E021A7FEA980055D264 /* BlackJack.xcdatamodel */,
			);
			currentVersion = 05C12E021A7FEA980055D264 /* BlackJack.xcdatamodel */;
			path = BlackJack.xcdatamodeld;
			sourceTree = "<group>";
			versionGroupType = wrapper.xcdatamodel;
		};
/* End XCVersionGroup section */
	};
	rootObject = 05C12DF21A7FEA980055D264 /* Project object */;
}
